// !$*UTF8*$!
{
	archiveVersion = 1;
	classes = {
	};
	objectVersion = 48;
	objects = {

/* Begin PBXBuildFile section */
		9952B379894485042762A3D8 /* Pods_CurrencyConverter.framework in Frameworks */ = {isa = PBXBuildFile; fileRef = F18702D0AE9856E879DEFDC0 /* Pods_CurrencyConverter.framework */; };
		A6272EC62077A1F9005EEB65 /* TableViewCell.swift in Sources */ = {isa = PBXBuildFile; fileRef = A6272EC52077A1F9005EEB65 /* TableViewCell.swift */; };
		A6272EC82077B0DC005EEB65 /* TableViewController.swift in Sources */ = {isa = PBXBuildFile; fileRef = A6272EC72077B0DC005EEB65 /* TableViewController.swift */; };
		A63BA2D620701D3200E4FF31 /* AppDelegate.swift in Sources */ = {isa = PBXBuildFile; fileRef = A63BA2D520701D3200E4FF31 /* AppDelegate.swift */; };
		A63BA2D820701D3200E4FF31 /* ViewController.swift in Sources */ = {isa = PBXBuildFile; fileRef = A63BA2D720701D3200E4FF31 /* ViewController.swift */; };
		A63BA2DB20701D3200E4FF31 /* Main.storyboard in Resources */ = {isa = PBXBuildFile; fileRef = A63BA2D920701D3200E4FF31 /* Main.storyboard */; };
		A63BA2DD20701D3200E4FF31 /* Assets.xcassets in Resources */ = {isa = PBXBuildFile; fileRef = A63BA2DC20701D3200E4FF31 /* Assets.xcassets */; };
		A63BA2E020701D3200E4FF31 /* LaunchScreen.storyboard in Resources */ = {isa = PBXBuildFile; fileRef = A63BA2DE20701D3200E4FF31 /* LaunchScreen.storyboard */; };
		A63BA2EB20701D3200E4FF31 /* CurrencyConverterTests.swift in Sources */ = {isa = PBXBuildFile; fileRef = A63BA2EA20701D3200E4FF31 /* CurrencyConverterTests.swift */; };
		A64D36B020712F9100FBD977 /* PickerController.swift in Sources */ = {isa = PBXBuildFile; fileRef = A64D36AF20712F9100FBD977 /* PickerController.swift */; };
		A6FC43E520793FBD00A47451 /* CurrencyService.swift in Sources */ = {isa = PBXBuildFile; fileRef = A6FC43E420793FBD00A47451 /* CurrencyService.swift */; };
/* End PBXBuildFile section */

/* Begin PBXContainerItemProxy section */
		A63BA2E720701D3200E4FF31 /* PBXContainerItemProxy */ = {
			isa = PBXContainerItemProxy;
			containerPortal = A63BA2CA20701D3200E4FF31 /* Project object */;
			proxyType = 1;
			remoteGlobalIDString = A63BA2D120701D3200E4FF31;
			remoteInfo = CurrencyConverter;
		};
/* End PBXContainerItemProxy section */

/* Begin PBXFileReference section */
		3A4E1DA6E9DB25FAC495C3AC /* Pods-CurrencyConverter.debug.xcconfig */ = {isa = PBXFileReference; includeInIndex = 1; lastKnownFileType = text.xcconfig; name = "Pods-CurrencyConverter.debug.xcconfig"; path = "Pods/Target Support Files/Pods-CurrencyConverter/Pods-CurrencyConverter.debug.xcconfig"; sourceTree = "<group>"; };
		52B1FFD003F7DE082C182D5C /* Pods-CurrencyConverter.release.xcconfig */ = {isa = PBXFileReference; includeInIndex = 1; lastKnownFileType = text.xcconfig; name = "Pods-CurrencyConverter.release.xcconfig"; path = "Pods/Target Support Files/Pods-CurrencyConverter/Pods-CurrencyConverter.release.xcconfig"; sourceTree = "<group>"; };
		A6272EC52077A1F9005EEB65 /* TableViewCell.swift */ = {isa = PBXFileReference; lastKnownFileType = sourcecode.swift; path = TableViewCell.swift; sourceTree = "<group>"; };
		A6272EC72077B0DC005EEB65 /* TableViewController.swift */ = {isa = PBXFileReference; lastKnownFileType = sourcecode.swift; path = TableViewController.swift; sourceTree = "<group>"; };
		A63BA2D220701D3200E4FF31 /* CurrencyConverter.app */ = {isa = PBXFileReference; explicitFileType = wrapper.application; includeInIndex = 0; path = CurrencyConverter.app; sourceTree = BUILT_PRODUCTS_DIR; };
		A63BA2D520701D3200E4FF31 /* AppDelegate.swift */ = {isa = PBXFileReference; lastKnownFileType = sourcecode.swift; path = AppDelegate.swift; sourceTree = "<group>"; };
		A63BA2D720701D3200E4FF31 /* ViewController.swift */ = {isa = PBXFileReference; lastKnownFileType = sourcecode.swift; path = ViewController.swift; sourceTree = "<group>"; };
		A63BA2DA20701D3200E4FF31 /* Base */ = {isa = PBXFileReference; lastKnownFileType = file.storyboard; name = Base; path = Base.lproj/Main.storyboard; sourceTree = "<group>"; };
		A63BA2DC20701D3200E4FF31 /* Assets.xcassets */ = {isa = PBXFileReference; lastKnownFileType = folder.assetcatalog; path = Assets.xcassets; sourceTree = "<group>"; };
		A63BA2DF20701D3200E4FF31 /* Base */ = {isa = PBXFileReference; lastKnownFileType = file.storyboard; name = Base; path = Base.lproj/LaunchScreen.storyboard; sourceTree = "<group>"; };
		A63BA2E120701D3200E4FF31 /* Info.plist */ = {isa = PBXFileReference; lastKnownFileType = text.plist.xml; path = Info.plist; sourceTree = "<group>"; };
		A63BA2E620701D3200E4FF31 /* CurrencyConverterTests.xctest */ = {isa = PBXFileReference; explicitFileType = wrapper.cfbundle; includeInIndex = 0; path = CurrencyConverterTests.xctest; sourceTree = BUILT_PRODUCTS_DIR; };
		A63BA2EA20701D3200E4FF31 /* CurrencyConverterTests.swift */ = {isa = PBXFileReference; lastKnownFileType = sourcecode.swift; path = CurrencyConverterTests.swift; sourceTree = "<group>"; };
		A63BA2EC20701D3200E4FF31 /* Info.plist */ = {isa = PBXFileReference; lastKnownFileType = text.plist.xml; path = Info.plist; sourceTree = "<group>"; };
		A64D36AF20712F9100FBD977 /* PickerController.swift */ = {isa = PBXFileReference; lastKnownFileType = sourcecode.swift; path = PickerController.swift; sourceTree = "<group>"; };
		A6FC43E420793FBD00A47451 /* CurrencyService.swift */ = {isa = PBXFileReference; lastKnownFileType = sourcecode.swift; path = CurrencyService.swift; sourceTree = "<group>"; };
		F18702D0AE9856E879DEFDC0 /* Pods_CurrencyConverter.framework */ = {isa = PBXFileReference; explicitFileType = wrapper.framework; includeInIndex = 0; path = Pods_CurrencyConverter.framework; sourceTree = BUILT_PRODUCTS_DIR; };
/* End PBXFileReference section */

/* Begin PBXFrameworksBuildPhase section */
		8614C22FADE93BA906F101E9 /* Frameworks */ = {
			isa = PBXFrameworksBuildPhase;
			buildActionMask = 2147483647;
			files = (
				9952B379894485042762A3D8 /* Pods_CurrencyConverter.framework in Frameworks */,
			);
			runOnlyForDeploymentPostprocessing = 0;
		};
		A63BA2E320701D3200E4FF31 /* Frameworks */ = {
			isa = PBXFrameworksBuildPhase;
			buildActionMask = 2147483647;
			files = (
			);
			runOnlyForDeploymentPostprocessing = 0;
		};
/* End PBXFrameworksBuildPhase section */

/* Begin PBXGroup section */
		0AF344AD96C5899FB668737B /* Frameworks */ = {
			isa = PBXGroup;
			children = (
				F18702D0AE9856E879DEFDC0 /* Pods_CurrencyConverter.framework */,
			);
			name = Frameworks;
			sourceTree = "<group>";
		};
		A59906B7BEB7108A23688753 /* Pods */ = {
			isa = PBXGroup;
			children = (
				3A4E1DA6E9DB25FAC495C3AC /* Pods-CurrencyConverter.debug.xcconfig */,
				52B1FFD003F7DE082C182D5C /* Pods-CurrencyConverter.release.xcconfig */,
			);
			name = Pods;
			sourceTree = "<group>";
		};
		A63BA2C920701D3200E4FF31 = {
			isa = PBXGroup;
			children = (
				A63BA2D420701D3200E4FF31 /* CurrencyConverter */,
				A63BA2E920701D3200E4FF31 /* CurrencyConverterTests */,
				A63BA2D320701D3200E4FF31 /* Products */,
				A59906B7BEB7108A23688753 /* Pods */,
				0AF344AD96C5899FB668737B /* Frameworks */,
			);
			sourceTree = "<group>";
		};
		A63BA2D320701D3200E4FF31 /* Products */ = {
			isa = PBXGroup;
			children = (
				A63BA2D220701D3200E4FF31 /* CurrencyConverter.app */,
				A63BA2E620701D3200E4FF31 /* CurrencyConverterTests.xctest */,
			);
			name = Products;
			sourceTree = "<group>";
		};
		A63BA2D420701D3200E4FF31 /* CurrencyConverter */ = {
			isa = PBXGroup;
			children = (
				A63BA2D520701D3200E4FF31 /* AppDelegate.swift */,
				A63BA2D720701D3200E4FF31 /* ViewController.swift */,
				A6272EC72077B0DC005EEB65 /* TableViewController.swift */,
				A6FC43E420793FBD00A47451 /* CurrencyService.swift */,
				A64D36AF20712F9100FBD977 /* PickerController.swift */,
				A63BA2D920701D3200E4FF31 /* Main.storyboard */,
				A6272EC52077A1F9005EEB65 /* TableViewCell.swift */,
				A63BA2DC20701D3200E4FF31 /* Assets.xcassets */,
				A63BA2DE20701D3200E4FF31 /* LaunchScreen.storyboard */,
				A63BA2E120701D3200E4FF31 /* Info.plist */,
			);
			path = CurrencyConverter;
			sourceTree = "<group>";
		};
		A63BA2E920701D3200E4FF31 /* CurrencyConverterTests */ = {
			isa = PBXGroup;
			children = (
				A63BA2EA20701D3200E4FF31 /* CurrencyConverterTests.swift */,
				A63BA2EC20701D3200E4FF31 /* Info.plist */,
			);
			path = CurrencyConverterTests;
			sourceTree = "<group>";
		};
/* End PBXGroup section */

/* Begin PBXNativeTarget section */
		A63BA2D120701D3200E4FF31 /* CurrencyConverter */ = {
			isa = PBXNativeTarget;
			buildConfigurationList = A63BA2EF20701D3200E4FF31 /* Build configuration list for PBXNativeTarget "CurrencyConverter" */;
			buildPhases = (
				378FC8C7414D4BEEA7A89894 /* [CP] Check Pods Manifest.lock */,
				A63BA2CE20701D3200E4FF31 /* Sources */,
				A63BA2D020701D3200E4FF31 /* Resources */,
				8614C22FADE93BA906F101E9 /* Frameworks */,
				A4728F896A3C38E6D73A64CB /* [CP] Embed Pods Frameworks */,
			);
			buildRules = (
			);
			dependencies = (
			);
			name = CurrencyConverter;
			productName = CurrencyConverter;
			productReference = A63BA2D220701D3200E4FF31 /* CurrencyConverter.app */;
			productType = "com.apple.product-type.application";
		};
		A63BA2E520701D3200E4FF31 /* CurrencyConverterTests */ = {
			isa = PBXNativeTarget;
			buildConfigurationList = A63BA2F220701D3200E4FF31 /* Build configuration list for PBXNativeTarget "CurrencyConverterTests" */;
			buildPhases = (
				A63BA2E220701D3200E4FF31 /* Sources */,
				A63BA2E320701D3200E4FF31 /* Frameworks */,
				A63BA2E420701D3200E4FF31 /* Resources */,
			);
			buildRules = (
			);
			dependencies = (
				A63BA2E820701D3200E4FF31 /* PBXTargetDependency */,
			);
			name = CurrencyConverterTests;
			productName = CurrencyConverterTests;
			productReference = A63BA2E620701D3200E4FF31 /* CurrencyConverterTests.xctest */;
			productType = "com.apple.product-type.bundle.unit-test";
		};
/* End PBXNativeTarget section */

/* Begin PBXProject section */
		A63BA2CA20701D3200E4FF31 /* Project object */ = {
			isa = PBXProject;
			attributes = {
				LastSwiftUpdateCheck = 0920;
				LastUpgradeCheck = 0930;
				ORGANIZATIONNAME = "Milica Kostic";
				TargetAttributes = {
					A63BA2D120701D3200E4FF31 = {
						CreatedOnToolsVersion = 9.2;
						ProvisioningStyle = Automatic;
					};
					A63BA2E520701D3200E4FF31 = {
						CreatedOnToolsVersion = 9.2;
						ProvisioningStyle = Automatic;
						TestTargetID = A63BA2D120701D3200E4FF31;
					};
				};
			};
			buildConfigurationList = A63BA2CD20701D3200E4FF31 /* Build configuration list for PBXProject "CurrencyConverter" */;
			compatibilityVersion = "Xcode 8.0";
			developmentRegion = en;
			hasScannedForEncodings = 0;
			knownRegions = (
				en,
				Base,
			);
			mainGroup = A63BA2C920701D3200E4FF31;
			productRefGroup = A63BA2D320701D3200E4FF31 /* Products */;
			projectDirPath = "";
			projectRoot = "";
			targets = (
				A63BA2D120701D3200E4FF31 /* CurrencyConverter */,
				A63BA2E520701D3200E4FF31 /* CurrencyConverterTests */,
			);
		};
/* End PBXProject section */

/* Begin PBXResourcesBuildPhase section */
		A63BA2D020701D3200E4FF31 /* Resources */ = {
			isa = PBXResourcesBuildPhase;
			buildActionMask = 2147483647;
			files = (
				A63BA2E020701D3200E4FF31 /* LaunchScreen.storyboard in Resources */,
				A63BA2DD20701D3200E4FF31 /* Assets.xcassets in Resources */,
				A63BA2DB20701D3200E4FF31 /* Main.storyboard in Resources */,
			);
			runOnlyForDeploymentPostprocessing = 0;
		};
		A63BA2E420701D3200E4FF31 /* Resources */ = {
			isa = PBXResourcesBuildPhase;
			buildActionMask = 2147483647;
			files = (
			);
			runOnlyForDeploymentPostprocessing = 0;
		};
/* End PBXResourcesBuildPhase section */

/* Begin PBXShellScriptBuildPhase section */
		378FC8C7414D4BEEA7A89894 /* [CP] Check Pods Manifest.lock */ = {
			isa = PBXShellScriptBuildPhase;
			buildActionMask = 2147483647;
			files = (
			);
			inputPaths = (
				"${PODS_PODFILE_DIR_PATH}/Podfile.lock",
				"${PODS_ROOT}/Manifest.lock",
			);
			name = "[CP] Check Pods Manifest.lock";
			outputPaths = (
				"$(DERIVED_FILE_DIR)/Pods-CurrencyConverter-checkManifestLockResult.txt",
			);
			runOnlyForDeploymentPostprocessing = 0;
			shellPath = /bin/sh;
			shellScript = "diff \"${PODS_PODFILE_DIR_PATH}/Podfile.lock\" \"${PODS_ROOT}/Manifest.lock\" > /dev/null\nif [ $? != 0 ] ; then\n    # print error to STDERR\n    echo \"error: The sandbox is not in sync with the Podfile.lock. Run 'pod install' or update your CocoaPods installation.\" >&2\n    exit 1\nfi\n# This output is used by Xcode 'outputs' to avoid re-running this script phase.\necho \"SUCCESS\" > \"${SCRIPT_OUTPUT_FILE_0}\"\n";
			showEnvVarsInLog = 0;
		};
		A4728F896A3C38E6D73A64CB /* [CP] Embed Pods Frameworks */ = {
			isa = PBXShellScriptBuildPhase;
			buildActionMask = 2147483647;
			files = (
			);
			inputPaths = (
				"${SRCROOT}/Pods/Target Support Files/Pods-CurrencyConverter/Pods-CurrencyConverter-frameworks.sh",
				"${BUILT_PRODUCTS_DIR}/Promises/Promise.framework",
			);
			name = "[CP] Embed Pods Frameworks";
			outputPaths = (
				"${TARGET_BUILD_DIR}/${FRAMEWORKS_FOLDER_PATH}/Promise.framework",
			);
			runOnlyForDeploymentPostprocessing = 0;
			shellPath = /bin/sh;
			shellScript = "\"${SRCROOT}/Pods/Target Support Files/Pods-CurrencyConverter/Pods-CurrencyConverter-frameworks.sh\"\n";
			showEnvVarsInLog = 0;
		};
/* End PBXShellScriptBuildPhase section */

/* Begin PBXSourcesBuildPhase section */
		A63BA2CE20701D3200E4FF31 /* Sources */ = {
			isa = PBXSourcesBuildPhase;
			buildActionMask = 2147483647;
			files = (
				A64D36B020712F9100FBD977 /* PickerController.swift in Sources */,
				A6272EC62077A1F9005EEB65 /* TableViewCell.swift in Sources */,
				A63BA2D820701D3200E4FF31 /* ViewController.swift in Sources */,
				A6FC43E520793FBD00A47451 /* CurrencyService.swift in Sources */,
				A6272EC82077B0DC005EEB65 /* TableViewController.swift in Sources */,
				A63BA2D620701D3200E4FF31 /* AppDelegate.swift in Sources */,
			);
			runOnlyForDeploymentPostprocessing = 0;
		};
		A63BA2E220701D3200E4FF31 /* Sources */ = {
			isa = PBXSourcesBuildPhase;
			buildActionMask = 2147483647;
			files = (
				A63BA2EB20701D3200E4FF31 /* CurrencyConverterTests.swift in Sources */,
			);
			runOnlyForDeploymentPostprocessing = 0;
		};
/* End PBXSourcesBuildPhase section */

/* Begin PBXTargetDependency section */
		A63BA2E820701D3200E4FF31 /* PBXTargetDependency */ = {
			isa = PBXTargetDependency;
			target = A63BA2D120701D3200E4FF31 /* CurrencyConverter */;
			targetProxy = A63BA2E720701D3200E4FF31 /* PBXContainerItemProxy */;
		};
/* End PBXTargetDependency section */

/* Begin PBXVariantGroup section */
		A63BA2D920701D3200E4FF31 /* Main.storyboard */ = {
			isa = PBXVariantGroup;
			children = (
				A63BA2DA20701D3200E4FF31 /* Base */,
			);
			name = Main.storyboard;
			sourceTree = "<group>";
		};
		A63BA2DE20701D3200E4FF31 /* LaunchScreen.storyboard */ = {
			isa = PBXVariantGroup;
			children = (
				A63BA2DF20701D3200E4FF31 /* Base */,
			);
			name = LaunchScreen.storyboard;
			sourceTree = "<group>";
		};
/* End PBXVariantGroup section */

/* Begin XCBuildConfiguration section */
		A63BA2ED20701D3200E4FF31 /* Debug */ = {
			isa = XCBuildConfiguration;
			buildSettings = {
				ALWAYS_SEARCH_USER_PATHS = NO;
				CLANG_ANALYZER_NONNULL = YES;
				CLANG_ANALYZER_NUMBER_OBJECT_CONVERSION = YES_AGGRESSIVE;
				CLANG_CXX_LANGUAGE_STANDARD = "gnu++14";
				CLANG_CXX_LIBRARY = "libc++";
				CLANG_ENABLE_MODULES = YES;
				CLANG_ENABLE_OBJC_ARC = YES;
				CLANG_WARN_BLOCK_CAPTURE_AUTORELEASING = YES;
				CLANG_WARN_BOOL_CONVERSION = YES;
				CLANG_WARN_COMMA = YES;
				CLANG_WARN_CONSTANT_CONVERSION = YES;
				CLANG_WARN_DEPRECATED_OBJC_IMPLEMENTATIONS = YES;
				CLANG_WARN_DIRECT_OBJC_ISA_USAGE = YES_ERROR;
				CLANG_WARN_DOCUMENTATION_COMMENTS = YES;
				CLANG_WARN_EMPTY_BODY = YES;
				CLANG_WARN_ENUM_CONVERSION = YES;
				CLANG_WARN_INFINITE_RECURSION = YES;
				CLANG_WARN_INT_CONVERSION = YES;
				CLANG_WARN_NON_LITERAL_NULL_CONVERSION = YES;
				CLANG_WARN_OBJC_IMPLICIT_RETAIN_SELF = YES;
				CLANG_WARN_OBJC_LITERAL_CONVERSION = YES;
				CLANG_WARN_OBJC_ROOT_CLASS = YES_ERROR;
				CLANG_WARN_RANGE_LOOP_ANALYSIS = YES;
				CLANG_WARN_STRICT_PROTOTYPES = YES;
				CLANG_WARN_SUSPICIOUS_MOVE = YES;
				CLANG_WARN_UNGUARDED_AVAILABILITY = YES_AGGRESSIVE;
				CLANG_WARN_UNREACHABLE_CODE = YES;
				CLANG_WARN__DUPLICATE_METHOD_MATCH = YES;
				CODE_SIGN_IDENTITY = "iPhone Developer";
				COPY_PHASE_STRIP = NO;
				DEBUG_INFORMATION_FORMAT = dwarf;
				ENABLE_STRICT_OBJC_MSGSEND = YES;
				ENABLE_TESTABILITY = YES;
				GCC_C_LANGUAGE_STANDARD = gnu11;
				GCC_DYNAMIC_NO_PIC = NO;
				GCC_NO_COMMON_BLOCKS = YES;
				GCC_OPTIMIZATION_LEVEL = 0;
				GCC_PREPROCESSOR_DEFINITIONS = (
					"DEBUG=1",
					"$(inherited)",
				);
				GCC_WARN_64_TO_32_BIT_CONVERSION = YES;
				GCC_WARN_ABOUT_RETURN_TYPE = YES_ERROR;
				GCC_WARN_UNDECLARED_SELECTOR = YES;
				GCC_WARN_UNINITIALIZED_AUTOS = YES_AGGRESSIVE;
				GCC_WARN_UNUSED_FUNCTION = YES;
				GCC_WARN_UNUSED_VARIABLE = YES;
				IPHONEOS_DEPLOYMENT_TARGET = 11.2;
				MTL_ENABLE_DEBUG_INFO = YES;
				ONLY_ACTIVE_ARCH = YES;
				SDKROOT = iphoneos;
				SWIFT_ACTIVE_COMPILATION_CONDITIONS = DEBUG;
				SWIFT_OPTIMIZATION_LEVEL = "-Onone";
			};
			name = Debug;
		};
		A63BA2EE20701D3200E4FF31 /* Release */ = {
			isa = XCBuildConfiguration;
			buildSettings = {
				ALWAYS_SEARCH_USER_PATHS = NO;
				CLANG_ANALYZER_NONNULL = YES;
				CLANG_ANALYZER_NUMBER_OBJECT_CONVERSION = YES_AGGRESSIVE;
				CLANG_CXX_LANGUAGE_STANDARD = "gnu++14";
				CLANG_CXX_LIBRARY = "libc++";
				CLANG_ENABLE_MODULES = YES;
				CLANG_ENABLE_OBJC_ARC = YES;
				CLANG_WARN_BLOCK_CAPTURE_AUTORELEASING = YES;
				CLANG_WARN_BOOL_CONVERSION = YES;
				CLANG_WARN_COMMA = YES;
				CLANG_WARN_CONSTANT_CONVERSION = YES;
				CLANG_WARN_DEPRECATED_OBJC_IMPLEMENTATIONS = YES;
				CLANG_WARN_DIRECT_OBJC_ISA_USAGE = YES_ERROR;
				CLANG_WARN_DOCUMENTATION_COMMENTS = YES;
				CLANG_WARN_EMPTY_BODY = YES;
				CLANG_WARN_ENUM_CONVERSION = YES;
				CLANG_WARN_INFINITE_RECURSION = YES;
				CLANG_WARN_INT_CONVERSION = YES;
				CLANG_WARN_NON_LITERAL_NULL_CONVERSION = YES;
				CLANG_WARN_OBJC_IMPLICIT_RETAIN_SELF = YES;
				CLANG_WARN_OBJC_LITERAL_CONVERSION = YES;
				CLANG_WARN_OBJC_ROOT_CLASS = YES_ERROR;
				CLANG_WARN_RANGE_LOOP_ANALYSIS = YES;
				CLANG_WARN_STRICT_PROTOTYPES = YES;
				CLANG_WARN_SUSPICIOUS_MOVE = YES;
				CLANG_WARN_UNGUARDED_AVAILABILITY = YES_AGGRESSIVE;
				CLANG_WARN_UNREACHABLE_CODE = YES;
				CLANG_WARN__DUPLICATE_METHOD_MATCH = YES;
				CODE_SIGN_IDENTITY = "iPhone Developer";
				COPY_PHASE_STRIP = NO;
				DEBUG_INFORMATION_FORMAT = "dwarf-with-dsym";
				ENABLE_NS_ASSERTIONS = NO;
				ENABLE_STRICT_OBJC_MSGSEND = YES;
				GCC_C_LANGUAGE_STANDARD = gnu11;
				GCC_NO_COMMON_BLOCKS = YES;
				GCC_WARN_64_TO_32_BIT_CONVERSION = YES;
				GCC_WARN_ABOUT_RETURN_TYPE = YES_ERROR;
				GCC_WARN_UNDECLARED_SELECTOR = YES;
				GCC_WARN_UNINITIALIZED_AUTOS = YES_AGGRESSIVE;
				GCC_WARN_UNUSED_FUNCTION = YES;
				GCC_WARN_UNUSED_VARIABLE = YES;
				IPHONEOS_DEPLOYMENT_TARGET = 11.2;
				MTL_ENABLE_DEBUG_INFO = NO;
				SDKROOT = iphoneos;
				SWIFT_OPTIMIZATION_LEVEL = "-Owholemodule";
				VALIDATE_PRODUCT = YES;
			};
			name = Release;
		};
		A63BA2F020701D3200E4FF31 /* Debug */ = {
			isa = XCBuildConfiguration;
			baseConfigurationReference = 3A4E1DA6E9DB25FAC495C3AC /* Pods-CurrencyConverter.debug.xcconfig */;
			buildSettings = {
				ASSETCATALOG_COMPILER_APPICON_NAME = AppIcon;
				CODE_SIGN_STYLE = Automatic;
				DEVELOPMENT_TEAM = SN7A6LC34V;
				FRAMEWORK_SEARCH_PATHS = "$(inherited)";
				INFOPLIST_FILE = CurrencyConverter/Info.plist;
				LD_RUNPATH_SEARCH_PATHS = "$(inherited) @executable_path/Frameworks";
				PRODUCT_BUNDLE_IDENTIFIER = "com.lazy-solutions.CurrencyConverter";
				PRODUCT_NAME = "$(TARGET_NAME)";
				SWIFT_VERSION = 4.0;
				TARGETED_DEVICE_FAMILY = "1,2";
			};
			name = Debug;
		};
		A63BA2F120701D3200E4FF31 /* Release */ = {
			isa = XCBuildConfiguration;
			baseConfigurationReference = 52B1FFD003F7DE082C182D5C /* Pods-CurrencyConverter.release.xcconfig */;
			buildSettings = {
				ASSETCATALOG_COMPILER_APPICON_NAME = AppIcon;
				CODE_SIGN_STYLE = Automatic;
				DEVELOPMENT_TEAM = SN7A6LC34V;
				FRAMEWORK_SEARCH_PATHS = "$(inherited)";
				INFOPLIST_FILE = CurrencyConverter/Info.plist;
				LD_RUNPATH_SEARCH_PATHS = "$(inherited) @executable_path/Frameworks";
				PRODUCT_BUNDLE_IDENTIFIER = "com.lazy-solutions.CurrencyConverter";
				PRODUCT_NAME = "$(TARGET_NAME)";
				SWIFT_VERSION = 4.0;
				TARGETED_DEVICE_FAMILY = "1,2";
			};
			name = Release;
		};
		A63BA2F320701D3200E4FF31 /* Debug */ = {
			isa = XCBuildConfiguration;
			buildSettings = {
				ALWAYS_EMBED_SWIFT_STANDARD_LIBRARIES = YES;
				BUNDLE_LOADER = "$(TEST_HOST)";
				CODE_SIGN_STYLE = Automatic;
				DEVELOPMENT_TEAM = SN7A6LC34V;
				INFOPLIST_FILE = CurrencyConverterTests/Info.plist;
				LD_RUNPATH_SEARCH_PATHS = "$(inherited) @executable_path/Frameworks @loader_path/Frameworks";
				PRODUCT_BUNDLE_IDENTIFIER = com.example.CurrencyConverterTests;
				PRODUCT_NAME = "$(TARGET_NAME)";
				SWIFT_VERSION = 4.0;
				TARGETED_DEVICE_FAMILY = "1,2";
				TEST_HOST = "$(BUILT_PRODUCTS_DIR)/CurrencyConverter.app/CurrencyConverter";
			};
			name = Debug;
		};
		A63BA2F420701D3200E4FF31 /* Release */ = {
			isa = XCBuildConfiguration;
			buildSettings = {
				ALWAYS_EMBED_SWIFT_STANDARD_LIBRARIES = YES;
				BUNDLE_LOADER = "$(TEST_HOST)";
				CODE_SIGN_STYLE = Automatic;
				DEVELOPMENT_TEAM = SN7A6LC34V;
				INFOPLIST_FILE = CurrencyConverterTests/Info.plist;
				LD_RUNPATH_SEARCH_PATHS = "$(inherited) @executable_path/Frameworks @loader_path/Frameworks";
				PRODUCT_BUNDLE_IDENTIFIER = com.example.CurrencyConverterTests;
				PRODUCT_NAME = "$(TARGET_NAME)";
				SWIFT_VERSION = 4.0;
				TARGETED_DEVICE_FAMILY = "1,2";
				TEST_HOST = "$(BUILT_PRODUCTS_DIR)/CurrencyConverter.app/CurrencyConverter";
			};
			name = Release;
		};
/* End XCBuildConfiguration section */

/* Begin XCConfigurationList section */
		A63BA2CD20701D3200E4FF31 /* Build configuration list for PBXProject "CurrencyConverter" */ = {
			isa = XCConfigurationList;
			buildConfigurations = (
				A63BA2ED20701D3200E4FF31 /* Debug */,
				A63BA2EE20701D3200E4FF31 /* Release */,
			);
			defaultConfigurationIsVisible = 0;
			defaultConfigurationName = Release;
		};
		A63BA2EF20701D3200E4FF31 /* Build configuration list for PBXNativeTarget "CurrencyConverter" */ = {
			isa = XCConfigurationList;
			buildConfigurations = (
				A63BA2F020701D3200E4FF31 /* Debug */,
				A63BA2F120701D3200E4FF31 /* Release */,
			);
			defaultConfigurationIsVisible = 0;
			defaultConfigurationName = Release;
		};
		A63BA2F220701D3200E4FF31 /* Build configuration list for PBXNativeTarget "CurrencyConverterTests" */ = {
			isa = XCConfigurationList;
			buildConfigurations = (
				A63BA2F320701D3200E4FF31 /* Debug */,
				A63BA2F420701D3200E4FF31 /* Release */,
			);
			defaultConfigurationIsVisible = 0;
			defaultConfigurationName = Release;
		};
/* End XCConfigurationList section */
	};
	rootObject = A63BA2CA20701D3200E4FF31 /* Project object */;
}
